
Microsoft Visual Studio Solution File, Format Version 12.00
# Visual Studio Version 17
VisualStudioVersion = 17.10.35122.118
MinimumVisualStudioVersion = 10.0.40219.1
Project("{FAE04EC0-301F-11D3-BF4B-00C04F79EFBC}") = "MouseProcessing.Domain", "MouseProcessing.Domain\MouseProcessing.Domain.csproj", "{AE5B5259-0E62-4E65-9BEE-1CF527C05F18}"
EndProject
Project("{FAE04EC0-301F-11D3-BF4B-00C04F79EFBC}") = "MouseProcessing.Application", "MouseProcessing.Application\MouseProcessing.Application.csproj", "{B8D60E72-527C-4AF1-9360-4C5B62CD9215}"
EndProject
Project("{FAE04EC0-301F-11D3-BF4B-00C04F79EFBC}") = "MouseProcessing.Infrastructure", "MouseProcessing.Infrastructure\MouseProcessing.Infrastructure.csproj", "{1ACF137E-79A7-4DCE-96A0-D2223F46C5CF}"
EndProject
Project("{2150E333-8FDC-42A3-9474-1A3956D46DE8}") = "Solution Items", "Solution Items", "{A1A0F9BB-DA70-4A7C-A38D-AC050C0DE9DE}"
	ProjectSection(SolutionItems) = preProject
		.editorconfig = .editorconfig
	EndProjectSection
EndProject
Global
	GlobalSection(SolutionConfigurationPlatforms) = preSolution
		Debug|Any CPU = Debug|Any CPU
		Release|Any CPU = Release|Any CPU
	EndGlobalSection
	GlobalSection(ProjectConfigurationPlatforms) = postSolution
		{AE5B5259-0E62-4E65-9BEE-1CF527C05F18}.Debug|Any CPU.ActiveCfg = Debug|Any CPU
		{AE5B5259-0E62-4E65-9BEE-1CF527C05F18}.Debug|Any CPU.Build.0 = Debug|Any CPU
		{AE5B5259-0E62-4E65-9BEE-1CF527C05F18}.Release|Any CPU.ActiveCfg = Release|Any CPU
		{AE5B5259-0E62-4E65-9BEE-1CF527C05F18}.Release|Any CPU.Build.0 = Release|Any CPU
		{B8D60E72-527C-4AF1-9360-4C5B62CD9215}.Debug|Any CPU.ActiveCfg = Debug|Any CPU
		{B8D60E72-527C-4AF1-9360-4C5B62CD9215}.Debug|Any CPU.Build.0 = Debug|Any CPU
		{B8D60E72-527C-4AF1-9360-4C5B62CD9215}.Release|Any CPU.ActiveCfg = Release|Any CPU
		{B8D60E72-527C-4AF1-9360-4C5B62CD9215}.Release|Any CPU.Build.0 = Release|Any CPU
		{1ACF137E-79A7-4DCE-96A0-D2223F46C5CF}.Debug|Any CPU.ActiveCfg = Debug|Any CPU
		{1ACF137E-79A7-4DCE-96A0-D2223F46C5CF}.Debug|Any CPU.Build.0 = Debug|Any CPU
		{1ACF137E-79A7-4DCE-96A0-D2223F46C5CF}.Release|Any CPU.ActiveCfg = Release|Any CPU
		{1ACF137E-79A7-4DCE-96A0-D2223F46C5CF}.Release|Any CPU.Build.0 = Release|Any CPU
	EndGlobalSection
	GlobalSection(SolutionProperties) = preSolution
		HideSolutionNode = FALSE
	EndGlobalSection
	GlobalSection(ExtensibilityGlobals) = postSolution
		SolutionGuid = {4E4491CA-36D8-4100-945B-F4A9DB0D76F1}
	EndGlobalSection
EndGlobal
